
Microsoft Visual Studio Solution File, Format Version 12.00
# Visual Studio 15
VisualStudioVersion = 15.0.28307.1525
MinimumVisualStudioVersion = 10.0.40219.1
Project("{FAE04EC0-301F-11D3-BF4B-00C04F79EFBC}") = "Merge sort", "Merge sort\Merge sort.csproj", "{0267AE9C-01F0-41AF-A905-AD0867F4736D}"
EndProject
Global
	GlobalSection(SolutionConfigurationPlatforms) = preSolution
		Debug|Any CPU = Debug|Any CPU
		Release|Any CPU = Release|Any CPU
	EndGlobalSection
	GlobalSection(ProjectConfigurationPlatforms) = postSolution
		{0267AE9C-01F0-41AF-A905-AD0867F4736D}.Debug|Any CPU.ActiveCfg = Debug|Any CPU
		{0267AE9C-01F0-41AF-A905-AD0867F4736D}.Debug|Any CPU.Build.0 = Debug|Any CPU
		{0267AE9C-01F0-41AF-A905-AD0867F4736D}.Release|Any CPU.ActiveCfg = Release|Any CPU
		{0267AE9C-01F0-41AF-A905-AD0867F4736D}.Release|Any CPU.Build.0 = Release|Any CPU
	EndGlobalSection
	GlobalSection(SolutionProperties) = preSolution
		HideSolutionNode = FALSE
	EndGlobalSection
	GlobalSection(ExtensibilityGlobals) = postSolution
		SolutionGuid = {674C432D-361C-4B04-B31C-AA2B43D50BF9}
	EndGlobalSection
EndGlobal
